
Microsoft Visual Studio Solution File, Format Version 12.00
# Visual Studio Version 16
VisualStudioVersion = 16.0.29613.14
MinimumVisualStudioVersion = 10.0.40219.1
Project("{9A19103F-16F7-4668-BE54-9A1E7A4F7556}") = "projekt04", "lab04\projekt04.csproj", "{45C759F3-2BB6-418D-90C0-069BB9EF5724}"
EndProject
Project("{9A19103F-16F7-4668-BE54-9A1E7A4F7556}") = "ClassLibrary", "ClassLibrary\ClassLibrary.csproj", "{090E80A0-F3E5-483A-A55B-1D89A0E246F1}"
EndProject
Global
	GlobalSection(SolutionConfigurationPlatforms) = preSolution
		Debug|Any CPU = Debug|Any CPU
		Release|Any CPU = Release|Any CPU
	EndGlobalSection
	GlobalSection(ProjectConfigurationPlatforms) = postSolution
		{45C759F3-2BB6-418D-90C0-069BB9EF5724}.Debug|Any CPU.ActiveCfg = Debug|Any CPU
		{45C759F3-2BB6-418D-90C0-069BB9EF5724}.Debug|Any CPU.Build.0 = Debug|Any CPU
		{45C759F3-2BB6-418D-90C0-069BB9EF5724}.Release|Any CPU.ActiveCfg = Release|Any CPU
		{45C759F3-2BB6-418D-90C0-069BB9EF5724}.Release|Any CPU.Build.0 = Release|Any CPU
		{090E80A0-F3E5-483A-A55B-1D89A0E246F1}.Debug|Any CPU.ActiveCfg = Debug|Any CPU
		{090E80A0-F3E5-483A-A55B-1D89A0E246F1}.Debug|Any CPU.Build.0 = Debug|Any CPU
		{090E80A0-F3E5-483A-A55B-1D89A0E246F1}.Release|Any CPU.ActiveCfg = Release|Any CPU
		{090E80A0-F3E5-483A-A55B-1D89A0E246F1}.Release|Any CPU.Build.0 = Release|Any CPU
	EndGlobalSection
	GlobalSection(SolutionProperties) = preSolution
		HideSolutionNode = FALSE
	EndGlobalSection
	GlobalSection(ExtensibilityGlobals) = postSolution
		SolutionGuid = {276EE4BB-15E4-444E-B827-ED5A31885060}
	EndGlobalSection
EndGlobal
