
Microsoft Visual Studio Solution File, Format Version 12.00
# Visual Studio Version 16
VisualStudioVersion = 16.0.29920.165
MinimumVisualStudioVersion = 10.0.40219.1
Project("{FAE04EC0-301F-11D3-BF4B-00C04F79EFBC}") = "projekt05", "projekt05.csproj", "{0871E254-416F-4825-88BB-A22DF02B83BA}"
EndProject
Global
	GlobalSection(SolutionConfigurationPlatforms) = preSolution
		Debug|Any CPU = Debug|Any CPU
		Release|Any CPU = Release|Any CPU
	EndGlobalSection
	GlobalSection(ProjectConfigurationPlatforms) = postSolution
		{0871E254-416F-4825-88BB-A22DF02B83BA}.Debug|Any CPU.ActiveCfg = Debug|Any CPU
		{0871E254-416F-4825-88BB-A22DF02B83BA}.Debug|Any CPU.Build.0 = Debug|Any CPU
		{0871E254-416F-4825-88BB-A22DF02B83BA}.Release|Any CPU.ActiveCfg = Release|Any CPU
		{0871E254-416F-4825-88BB-A22DF02B83BA}.Release|Any CPU.Build.0 = Release|Any CPU
	EndGlobalSection
	GlobalSection(SolutionProperties) = preSolution
		HideSolutionNode = FALSE
	EndGlobalSection
	GlobalSection(ExtensibilityGlobals) = postSolution
		SolutionGuid = {3B0A4DB6-DAC2-4AEF-B6DC-A7C331CB14AE}
	EndGlobalSection
EndGlobal
